// !$*UTF8*$!
{
	archiveVersion = 1;
	classes = {
	};
	objectVersion = 50;
	objects = {

/* Begin PBXGroup section */
		78A0C1EA255D412B003D0B07 = {
			isa = PBXGroup;
			children = (
			);
			sourceTree = "<group>";
		};
/* End PBXGroup section */

/* Begin PBXProject section */
		78A0C1EB255D412B003D0B07 /* Project object */ = {
			isa = PBXProject;
			attributes = {
				LastUpgradeCheck = 1210;
			};
			buildConfigurationList = 78A0C1EE255D412B003D0B07 /* Build configuration list for PBXProject "kaixinchenassignments" */;
			compatibilityVersion = "Xcode 9.3";
			developmentRegion = en;
			hasScannedForEncodings = 0;
			knownRegions = (
				en,
				Base,
			);
			mainGroup = 78A0C1EA255D412B003D0B07;
			projectDirPath = "";
			projectRoot = "";
			targets = (
			);
		};
/* End PBXProject section */

/* Begin XCBuildConfiguration section */
		78A0C1EF255D412B003D0B07 /* Debug */ = {
			isa = XCBuildConfiguration;
			buildSettings = {
			};
			name = Debug;
		};
		78A0C1F0255D412B003D0B07 /* Release */ = {
			isa = XCBuildConfiguration;
			buildSettings = {
			};
			name = Release;
		};
/* End XCBuildConfiguration section */

/* Begin XCConfigurationList section */
		78A0C1EE255D412B003D0B07 /* Build configuration list for PBXProject "kaixinchenassignments" */ = {
			isa = XCConfigurationList;
			buildConfigurations = (
				78A0C1EF255D412B003D0B07 /* Debug */,
				78A0C1F0255D412B003D0B07 /* Release */,
			);
			defaultConfigurationIsVisible = 0;
			defaultConfigurationName = Release;
		};
/* End XCConfigurationList section */
	};
	rootObject = 78A0C1EB255D412B003D0B07 /* Project object */;
}
